
Microsoft Visual Studio Solution File, Format Version 12.00
# Visual Studio Version 17
VisualStudioVersion = 17.9.34728.123
MinimumVisualStudioVersion = 10.0.40219.1
Project("{FAE04EC0-301F-11D3-BF4B-00C04F79EFBC}") = "Ejercicio#6", "Ejercicio#6\Ejercicio#6.csproj", "{63ABF9B5-DD42-4382-ACB9-41CAE8BE487B}"
EndProject
Global
	GlobalSection(SolutionConfigurationPlatforms) = preSolution
		Debug|Any CPU = Debug|Any CPU
		Release|Any CPU = Release|Any CPU
	EndGlobalSection
	GlobalSection(ProjectConfigurationPlatforms) = postSolution
		{63ABF9B5-DD42-4382-ACB9-41CAE8BE487B}.Debug|Any CPU.ActiveCfg = Debug|Any CPU
		{63ABF9B5-DD42-4382-ACB9-41CAE8BE487B}.Debug|Any CPU.Build.0 = Debug|Any CPU
		{63ABF9B5-DD42-4382-ACB9-41CAE8BE487B}.Release|Any CPU.ActiveCfg = Release|Any CPU
		{63ABF9B5-DD42-4382-ACB9-41CAE8BE487B}.Release|Any CPU.Build.0 = Release|Any CPU
	EndGlobalSection
	GlobalSection(SolutionProperties) = preSolution
		HideSolutionNode = FALSE
	EndGlobalSection
	GlobalSection(ExtensibilityGlobals) = postSolution
		SolutionGuid = {1AA94460-3EA7-44A9-839B-1E5C7B7E3077}
	EndGlobalSection
EndGlobal
